lockfileVersion: '6.0'

settings:
  autoInstallPeers: true
  excludeLinksFromLockfile: false

importers:

  .:
    devDependencies:
      '@types/node':
        specifier: ^20.11.0
        version: 20.19.43
      prettier:
        specifier: ^3.2.5
        version: 3.9.4
      turbo:
        specifier: ^2.0.0
        version: 2.10.1

  packages/dualler-cli:
    dependencies:
      '@dualler/compiler':
        specifier: workspace:*
        version: link:../dualler-compiler
      chokidar:
        specifier: ^3.6.0
        version: 3.6.0
      commander:
        specifier: ^12.0.0
        version: 12.1.0
      ink:
        specifier: ^5.0.0
        version: 5.2.1(@types/react@18.3.31)(react@18.3.1)
      ink-select-input:
        specifier: ^6.0.0
        version: 6.2.0(ink@5.2.1)(react@18.3.1)
      ink-spinner:
        specifier: ^5.0.0
        version: 5.0.0(ink@5.2.1)(react@18.3.1)
      ink-text-input:
        specifier: ^6.0.0
        version: 6.0.0(ink@5.2.1)(react@18.3.1)
      react:
        specifier: ^18.3.0
        version: 18.3.1
      yoga-layout:
        specifier: ^3.0.0
        version: 3.2.1
    devDependencies:
      '@types/chokidar':
        specifier: ^2.1.7
        version: 2.1.7
      '@types/react':
        specifier: ^18.3.0
        version: 18.3.31

  packages/dualler-compiler:
    dependencies:
      '@vue/compiler-sfc':
        specifier: ^3.4.0
        version: 3.5.39
    devDependencies:
      typescript:
        specifier: ^5.3.0
        version: 5.9.3

  packages/dualler-dev-server:
    dependencies:
      '@dualler/compiler':
        specifier: workspace:*
        version: link:../dualler-compiler
      chokidar:
        specifier: ^3.6.0
        version: 3.6.0
      express:
        specifier: ^4.18.0
        version: 4.22.2
      ws:
        specifier: ^8.16.0
        version: 8.21.0
    devDependencies:
      '@types/chokidar':
        specifier: ^2.1.7
        version: 2.1.7
      '@types/express':
        specifier: ^4.17.0
        version: 4.17.25
      '@types/ws':
        specifier: ^8.5.0
        version: 8.18.1

  packages/dualler-rspack-plugin:
    dependencies:
      '@dualler/compiler':
        specifier: workspace:*
        version: link:../dualler-compiler

  packages/dualler-runtime-api:
    dependencies:
      '@dualler/runtime-core':
        specifier: workspace:*
        version: link:../dualler-runtime-core
      '@dualler/runtime-renderer':
        specifier: workspace:*
        version: link:../dualler-runtime-renderer

  packages/dualler-runtime-core: {}

  packages/dualler-runtime-renderer:
    dependencies:
      '@dualler/runtime-core':
        specifier: workspace:*
        version: link:../dualler-runtime-core

  packages/dualler-vite-plugin:
    dependencies:
      '@dualler/compiler':
        specifier: workspace:*
        version: link:../dualler-compiler

packages:

  /@alcalzone/ansi-tokenize@0.1.3:
    resolution: {integrity: sha512-3yWxPTq3UQ/FY9p1ErPxIyfT64elWaMvM9lIHnaqpyft63tkxodF5aUElYHrdisWve5cETkh1+KBw1yJuW0aRw==}
    engines: {node: '>=14.13.1'}
    dependencies:
      ansi-styles: 6.2.3
      is-fullwidth-code-point: 4.0.0
    dev: false

  /@babel/helper-string-parser@7.29.7:
    resolution: {integrity: sha512-Pb5ijPrZ89GDH8223L4UP8i6QApWxs04RbPQJTeWDV0/keR2E36MeKnyr6LYmUUvqRRI+Iv87SuF1W6ErINzYw==}
    engines: {node: '>=6.9.0'}
    dev: false

  /@babel/helper-validator-identifier@7.29.7:
    resolution: {integrity: sha512-qehxGkRj55h/ff8EMaJ+cYhyaKlHIxqYDn682wQD7RNp9UujOQsHog2uS0r2vzr4pW+sXf90NeeayjcNaX3fFg==}
    engines: {node: '>=6.9.0'}
    dev: false

  /@babel/parser@7.29.7:
    resolution: {integrity: sha512-hnORnjP/1P/zFEndoeX+n+t1RwWRJiJpM/jO7FW32Kn9r5+sJB2JWOdYo4L6k78j15eCwY3Gm/7364B1EMwtNg==}
    engines: {node: '>=6.0.0'}
    hasBin: true
    dependencies:
      '@babel/types': 7.29.7
    dev: false

  /@babel/types@7.29.7:
    resolution: {integrity: sha512-4zBIxpPzowiZpusoFkyGVwakdRJUyuH5PxQ/PrqghfdFWWasvnCdPfQXHrenDai+gyLARulZjZowCOj6fjT4pA==}
    engines: {node: '>=6.9.0'}
    dependencies:
      '@babel/helper-string-parser': 7.29.7
      '@babel/helper-validator-identifier': 7.29.7
    dev: false

  /@jridgewell/sourcemap-codec@1.5.5:
    resolution: {integrity: sha512-cYQ9310grqxueWbl+WuIUIaiUaDcj7WOq5fVhEljNVgRfOUhY9fy2zTvfoqWsnebh8Sl70VScFbICvJnLKB0Og==}
    dev: false

  /@turbo/darwin-64@2.10.1:
    resolution: {integrity: sha512-EjfrTXVmT0r4Spv+nu1KRcvjqavCq35F5GRCvoxQi83uoX3wxQ2QTgDkSxO8O4HVXyi28dW0of/y2RFBOD4emA==}
    cpu: [x64]
    os: [darwin]
    requiresBuild: true
    dev: true
    optional: true

  /@turbo/darwin-arm64@2.10.1:
    resolution: {integrity: sha512-nVNvaJ7aHxF5zBw8Nc9Er2Iw8A/SPAw25sqlu/63/qGfDMGdarRYrxjdM0O0XK8X8bGg3Yr93Ro7I5tJksrfgA==}
    cpu: [arm64]
    os: [darwin]
    requiresBuild: true
    dev: true
    optional: true

  /@turbo/linux-64@2.10.1:
    resolution: {integrity: sha512-jaYr5GQGfW2jMkoux7/Yh+pUhKgqBM0pyAZnNTUybnVPy4qB2jP0C4B32Nmg00BYaAU3FaWr/bQ3CKKIYjdI2Q==}
    cpu: [x64]
    os: [linux]
    requiresBuild: true
    dev: true
    optional: true

  /@turbo/linux-arm64@2.10.1:
    resolution: {integrity: sha512-2Wg5TBGYQjaPMJhQzYf0EEM9N5mSE3AKmWBWKz6fsjZ8dlLL4uV7X3PnwtNO1+kRYjwg34ilJwweaT8MvxZOcA==}
    cpu: [arm64]
    os: [linux]
    requiresBuild: true
    dev: true
    optional: true

  /@turbo/windows-64@2.10.1:
    resolution: {integrity: sha512-fRCK6wZiWQgE5fb+WpaBgDsHNo/fKcCoMEOms9E5Il/Bp/ec9uhsVNn0V/2gmN2hSCyFm7oKf0BZY6Lb6CDMOQ==}
    cpu: [x64]
    os: [win32]
    requiresBuild: true
    dev: true
    optional: true

  /@turbo/windows-arm64@2.10.1:
    resolution: {integrity: sha512-6REIwRpmmnJdHYL+fIv2BGBC9PYd+8Ta+J53nmcHjqi46v/z+hS1sirYU5fg7Cg1r9/99dpRtSXHKTgvcLYSpg==}
    cpu: [arm64]
    os: [win32]
    requiresBuild: true
    dev: true
    optional: true

  /@types/body-parser@1.19.6:
    resolution: {integrity: sha512-HLFeCYgz89uk22N5Qg3dvGvsv46B8GLvKKo1zKG4NybA8U2DiEO3w9lqGg29t/tfLRJpJ6iQxnVw4OnB7MoM9g==}
    dependencies:
      '@types/connect': 3.4.38
      '@types/node': 20.19.43
    dev: true

  /@types/chokidar@2.1.7:
    resolution: {integrity: sha512-A7/MFHf6KF7peCzjEC1BBTF8jpmZTokb3vr/A0NxRGfwRLK3Ws+Hq6ugVn6cJIMfM6wkCak/aplWrxbTcu8oig==}
    deprecated: This is a stub types definition. chokidar provides its own type definitions, so you do not need this installed.
    dependencies:
      chokidar: 3.6.0
    dev: true

  /@types/connect@3.4.38:
    resolution: {integrity: sha512-K6uROf1LD88uDQqJCktA4yzL1YYAK6NgfsI0v/mTgyPKWsX1CnJ0XPSDhViejru1GcRkLWb8RlzFYJRqGUbaug==}
    dependencies:
      '@types/node': 20.19.43
    dev: true

  /@types/express-serve-static-core@4.19.8:
    resolution: {integrity: sha512-02S5fmqeoKzVZCHPZid4b8JH2eM5HzQLZWN2FohQEy/0eXTq8VXZfSN6Pcr3F6N9R/vNrj7cpgbhjie6m/1tCA==}
    dependencies:
      '@types/node': 20.19.43
      '@types/qs': 6.15.1
      '@types/range-parser': 1.2.7
      '@types/send': 1.2.1
    dev: true

  /@types/express@4.17.25:
    resolution: {integrity: sha512-dVd04UKsfpINUnK0yBoYHDF3xu7xVH4BuDotC/xGuycx4CgbP48X/KF/586bcObxT0HENHXEU8Nqtu6NR+eKhw==}
    dependencies:
      '@types/body-parser': 1.19.6
      '@types/express-serve-static-core': 4.19.8
      '@types/qs': 6.15.1
      '@types/serve-static': 1.15.10
    dev: true

  /@types/http-errors@2.0.5:
    resolution: {integrity: sha512-r8Tayk8HJnX0FztbZN7oVqGccWgw98T/0neJphO91KkmOzug1KkofZURD4UaD5uH8AqcFLfdPErnBod0u71/qg==}
    dev: true

  /@types/mime@1.3.5:
    resolution: {integrity: sha512-/pyBZWSLD2n0dcHE3hq8s8ZvcETHtEuF+3E7XVt0Ig2nvsVQXdghHVcEkIWjy9A0wKfTn97a/PSDYohKIlnP/w==}
    dev: true

  /@types/node@20.19.43:
    resolution: {integrity: sha512-6oYBAi5ikg4Pl+kGsoYtawUMBT2zZMCvPNF7pVLnHZfd1zf38DRiWn/gT01RYCdUqkv7Fhr+C9ot4/tb+2sVvA==}
    dependencies:
      undici-types: 6.21.0
    dev: true

  /@types/prop-types@15.7.15:
    resolution: {integrity: sha512-F6bEyamV9jKGAFBEmlQnesRPGOQqS2+Uwi0Em15xenOxHaf2hv6L8YCVn3rPdPJOiJfPiCnLIRyvwVaqMY3MIw==}

  /@types/qs@6.15.1:
    resolution: {integrity: sha512-GZHUBZR9hckSUhrxmp1nG6NwdpM9fCunJwyThLW1X3AyHgd9IlHb6VANpQQqDr2o/qQp6McZ3y/IA2rVzKzSbw==}
    dev: true

  /@types/range-parser@1.2.7:
    resolution: {integrity: sha512-hKormJbkJqzQGhziax5PItDUTMAM9uE2XXQmM37dyd4hVM+5aVl7oVxMVUiVQn2oCQFN/LKCZdvSM0pFRqbSmQ==}
    dev: true

  /@types/react@18.3.31:
    resolution: {integrity: sha512-vfEqpXTvwT91yhmwdfouStN2hSKwTvyRs8qpLfADyrq/kxDw0hZM7Wk9Ug1FELj8hIby+S/+kQCSRFF32nv2Qw==}
    dependencies:
      '@types/prop-types': 15.7.15
      csstype: 3.2.3

  /@types/send@0.17.6:
    resolution: {integrity: sha512-Uqt8rPBE8SY0RK8JB1EzVOIZ32uqy8HwdxCnoCOsYrvnswqmFZ/k+9Ikidlk/ImhsdvBsloHbAlewb2IEBV/Og==}
    dependencies:
      '@types/mime': 1.3.5
      '@types/node': 20.19.43
    dev: true

  /@types/send@1.2.1:
    resolution: {integrity: sha512-arsCikDvlU99zl1g69TcAB3mzZPpxgw0UQnaHeC1Nwb015xp8bknZv5rIfri9xTOcMuaVgvabfIRA7PSZVuZIQ==}
    dependencies:
      '@types/node': 20.19.43
    dev: true

  /@types/serve-static@1.15.10:
    resolution: {integrity: sha512-tRs1dB+g8Itk72rlSI2ZrW6vZg0YrLI81iQSTkMmOqnqCaNr/8Ek4VwWcN5vZgCYWbg/JJSGBlUaYGAOP73qBw==}
    dependencies:
      '@types/http-errors': 2.0.5
      '@types/node': 20.19.43
      '@types/send': 0.17.6
    dev: true

  /@types/ws@8.18.1:
    resolution: {integrity: sha512-ThVF6DCVhA8kUGy+aazFQ4kXQ7E1Ty7A3ypFOe0IcJV8O/M511G99AW24irKrW56Wt44yG9+ij8FaqoBGkuBXg==}
    dependencies:
      '@types/node': 20.19.43
    dev: true

  /@vue/compiler-core@3.5.39:
    resolution: {integrity: sha512-16KBTEXAJCpDr0mwlw+AZyhu8iyC7R3S2vBwsI7QnWJU6X3WKc9VKeNEZpiMdZ569qWhz9574L3vV55qRL0Vtw==}
    dependencies:
      '@babel/parser': 7.29.7
      '@vue/shared': 3.5.39
      entities: 7.0.1
      estree-walker: 2.0.2
      source-map-js: 1.2.1
    dev: false

  /@vue/compiler-dom@3.5.39:
    resolution: {integrity: sha512-oQPigALqYbNxTNPvNgSOe+czwVExfbVF02lz8jP0S3AXJiu3jxYDygNUiqSep4ezzW8XgnubqH63My2A7JR/vg==}
    dependencies:
      '@vue/compiler-core': 3.5.39
      '@vue/shared': 3.5.39
    dev: false

  /@vue/compiler-sfc@3.5.39:
    resolution: {integrity: sha512-d0ki86iOyN8LoZPBmk5SJWNwHP19CnDDCfuo//+2WJa2g5Ke0Jay983PIBIcSSzldC68I8DrD5GrHV3OSDfodg==}
    dependencies:
      '@babel/parser': 7.29.7
      '@vue/compiler-core': 3.5.39
      '@vue/compiler-dom': 3.5.39
      '@vue/compiler-ssr': 3.5.39
      '@vue/shared': 3.5.39
      estree-walker: 2.0.2
      magic-string: 0.30.21
      postcss: 8.5.16
      source-map-js: 1.2.1
    dev: false

  /@vue/compiler-ssr@3.5.39:
    resolution: {integrity: sha512-Ce7/wvwMHai74bdszfXExdazFigYnlF9zgCmEQUcM1j0fOymlouZ7XilTYNo8oUjhlnjYOZbGrcYKuqjz89Ucw==}
    dependencies:
      '@vue/compiler-dom': 3.5.39
      '@vue/shared': 3.5.39
    dev: false

  /@vue/shared@3.5.39:
    resolution: {integrity: sha512-l1rrBtBfTnmxvtsvdQDXltUUy8S1Y+ZaqdfUzmAnJkTd8Z8rv5v/ytW+TKiqEOWyHPoqtPlNFSs0lhRmYVSHVA==}
    dev: false

  /accepts@1.3.8:
    resolution: {integrity: sha512-PYAthTa2m2VKxuvSD3DPC/Gy+U+sOA1LAuT8mkmRuvw+NACSaeXEQ+NHcVF7rONl6qcaxV3Uuemwawk+7+SJLw==}
    engines: {node: '>= 0.6'}
    dependencies:
      mime-types: 2.1.35
      negotiator: 0.6.3
    dev: false

  /ansi-escapes@7.3.0:
    resolution: {integrity: sha512-BvU8nYgGQBxcmMuEeUEmNTvrMVjJNSH7RgW24vXexN4Ven6qCvy4TntnvlnwnMLTVlcRQQdbRY8NKnaIoeWDNg==}
    engines: {node: '>=18'}
    dependencies:
      environment: 1.1.0
    dev: false

  /ansi-regex@6.2.2:
    resolution: {integrity: sha512-Bq3SmSpyFHaWjPk8If9yc6svM8c56dB5BAtW4Qbw5jHTwwXXcTLoRMkpDJp6VL0XzlWaCHTXrkFURMYmD0sLqg==}
    engines: {node: '>=12'}
    dev: false

  /ansi-styles@6.2.3:
    resolution: {integrity: sha512-4Dj6M28JB+oAH8kFkTLUo+a2jwOFkuqb3yucU0CANcRRUbxS0cP0nZYCGjcc3BNXwRIsUVmDGgzawme7zvJHvg==}
    engines: {node: '>=12'}
    dev: false

  /anymatch@3.1.3:
    resolution: {integrity: sha512-KMReFUr0B4t+D+OBkjR3KYqvocp2XaSzO55UcB6mgQMd3KbcE+mWTyvVV7D/zsdEbNnV6acZUutkiHQXvTr1Rw==}
    engines: {node: '>= 8'}
    dependencies:
      normalize-path: 3.0.0
      picomatch: 2.3.2

  /array-flatten@1.1.1:
    resolution: {integrity: sha512-PCVAQswWemu6UdxsDFFX/+gVeYqKAod3D3UVm91jHwynguOwAvYPhx8nNlM++NqRcK6CxxpUafjmhIdKiHibqg==}
    dev: false

  /auto-bind@5.0.1:
    resolution: {integrity: sha512-ooviqdwwgfIfNmDwo94wlshcdzfO64XV0Cg6oDsDYBJfITDz1EngD2z7DkbvCWn+XIMsIqW27sEVF6qcpJrRcg==}
    engines: {node: ^12.20.0 || ^14.13.1 || >=16.0.0}
    dev: false

  /binary-extensions@2.3.0:
    resolution: {integrity: sha512-Ceh+7ox5qe7LJuLHoY0feh3pHuUDHAcRUeyL2VYghZwfpkNIy/+8Ocg0a3UuSoYzavmylwuLWQOf3hl0jjMMIw==}
    engines: {node: '>=8'}

  /body-parser@1.20.5:
    resolution: {integrity: sha512-3grm+/2tUOvu2cjJkvsIxrv/wVpfXQW4PsQHYm7yk4vfpu7Ekl6nEsYBoJUL6qDwZUx8wUhQ8tR2qz+ad9c9OA==}
    engines: {node: '>= 0.8', npm: 1.2.8000 || >= 1.4.16}
    dependencies:
      bytes: 3.1.2
      content-type: 1.0.5
      debug: 2.6.9
      depd: 2.0.0
      destroy: 1.2.0
      http-errors: 2.0.1
      iconv-lite: 0.4.24
      on-finished: 2.4.1
      qs: 6.15.3
      raw-body: 2.5.3
      type-is: 1.6.18
      unpipe: 1.0.0
    transitivePeerDependencies:
      - supports-color
    dev: false

  /braces@3.0.3:
    resolution: {integrity: sha512-yQbXgO/OSZVD2IsiLlro+7Hf6Q18EJrKSEsdoMzKePKXct3gvD8oLcOQdIzGupr5Fj+EDe8gO/lxc1BzfMpxvA==}
    engines: {node: '>=8'}
    dependencies:
      fill-range: 7.1.1

  /bytes@3.1.2:
    resolution: {integrity: sha512-/Nf7TyzTx6S3yRJObOAV7956r8cr2+Oj8AC5dt8wSP3BQAoeX58NoHyCU8P8zGkNXStjTSi6fzO6F0pBdcYbEg==}
    engines: {node: '>= 0.8'}
    dev: false

  /call-bind-apply-helpers@1.0.2:
    resolution: {integrity: sha512-Sp1ablJ0ivDkSzjcaJdxEunN5/XvksFJ2sMBFfq6x0ryhQV/2b/KwFe21cMpmHtPOSij8K99/wSfoEuTObmuMQ==}
    engines: {node: '>= 0.4'}
    dependencies:
      es-errors: 1.3.0
      function-bind: 1.1.2
    dev: false

  /call-bound@1.0.4:
    resolution: {integrity: sha512-+ys997U96po4Kx/ABpBCqhA9EuxJaQWDQg7295H4hBphv3IZg0boBKuwYpt4YXp6MZ5AmZQnU/tyMTlRpaSejg==}
    engines: {node: '>= 0.4'}
    dependencies:
      call-bind-apply-helpers: 1.0.2
      get-intrinsic: 1.3.0
    dev: false

  /chalk@5.6.2:
    resolution: {integrity: sha512-7NzBL0rN6fMUW+f7A6Io4h40qQlG+xGmtMxfbnH/K7TAtt8JQWVQK+6g0UXKMeVJoyV5EkkNsErQ8pVD3bLHbA==}
    engines: {node: ^12.17.0 || ^14.13 || >=16.0.0}
    dev: false

  /chokidar@3.6.0:
    resolution: {integrity: sha512-7VT13fmjotKpGipCW9JEQAusEPE+Ei8nl6/g4FBAmIm0GOOLMua9NDDo/DWp0ZAxCr3cPq5ZpBqmPAQgDda2Pw==}
    engines: {node: '>= 8.10.0'}
    dependencies:
      anymatch: 3.1.3
      braces: 3.0.3
      glob-parent: 5.1.2
      is-binary-path: 2.1.0
      is-glob: 4.0.3
      normalize-path: 3.0.0
      readdirp: 3.6.0
    optionalDependencies:
      fsevents: 2.3.3

  /cli-boxes@3.0.0:
    resolution: {integrity: sha512-/lzGpEWL/8PfI0BmBOPRwp0c/wFNX1RdUML3jK/RcSBA9T8mZDdQpqYBKtCFTOfQbwPqWEOpjqW+Fnayc0969g==}
    engines: {node: '>=10'}
    dev: false

  /cli-cursor@4.0.0:
    resolution: {integrity: sha512-VGtlMu3x/4DOtIUwEkRezxUZ2lBacNJCHash0N0WeZDBS+7Ux1dm3XWAgWYxLJFMMdOeXMHXorshEFhbMSGelg==}
    engines: {node: ^12.20.0 || ^14.13.1 || >=16.0.0}
    dependencies:
      restore-cursor: 4.0.0
    dev: false

  /cli-spinners@2.9.2:
    resolution: {integrity: sha512-ywqV+5MmyL4E7ybXgKys4DugZbX0FC6LnwrhjuykIjnK9k8OQacQ7axGKnjDXWNhns0xot3bZI5h55H8yo9cJg==}
    engines: {node: '>=6'}
    dev: false

  /cli-truncate@4.0.0:
    resolution: {integrity: sha512-nPdaFdQ0h/GEigbPClz11D0v/ZJEwxmeVZGeMo3Z5StPtUTkA9o1lD6QwoirYiSDzbcwn2XcjwmCp68W1IS4TA==}
    engines: {node: '>=18'}
    dependencies:
      slice-ansi: 5.0.0
      string-width: 7.2.0
    dev: false

  /code-excerpt@4.0.0:
    resolution: {integrity: sha512-xxodCmBen3iy2i0WtAK8FlFNrRzjUqjRsMfho58xT/wvZU1YTM3fCnRjcy1gJPMepaRlgm/0e6w8SpWHpn3/cA==}
    engines: {node: ^12.20.0 || ^14.13.1 || >=16.0.0}
    dependencies:
      convert-to-spaces: 2.0.1
    dev: false

  /commander@12.1.0:
    resolution: {integrity: sha512-Vw8qHK3bZM9y/P10u3Vib8o/DdkvA2OtPtZvD871QKjy74Wj1WSKFILMPRPSdUSx5RFK1arlJzEtA4PkFgnbuA==}
    engines: {node: '>=18'}
    dev: false

  /content-disposition@0.5.4:
    resolution: {integrity: sha512-FveZTNuGw04cxlAiWbzi6zTAL/lhehaWbTtgluJh4/E95DqMwTmha3KZN1aAWA8cFIhHzMZUvLevkw5Rqk+tSQ==}
    engines: {node: '>= 0.6'}
    dependencies:
      safe-buffer: 5.2.1
    dev: false

  /content-type@1.0.5:
    resolution: {integrity: sha512-nTjqfcBFEipKdXCv4YDQWCfmcLZKm81ldF0pAopTvyrFGVbcR6P/VAAd5G7N+0tTr8QqiU0tFadD6FK4NtJwOA==}
    engines: {node: '>= 0.6'}
    dev: false

  /convert-to-spaces@2.0.1:
    resolution: {integrity: sha512-rcQ1bsQO9799wq24uE5AM2tAILy4gXGIK/njFWcVQkGNZ96edlpY+A7bjwvzjYvLDyzmG1MmMLZhpcsb+klNMQ==}
    engines: {node: ^12.20.0 || ^14.13.1 || >=16.0.0}
    dev: false

  /cookie-signature@1.0.7:
    resolution: {integrity: sha512-NXdYc3dLr47pBkpUCHtKSwIOQXLVn8dZEuywboCOJY/osA0wFSLlSawr3KN8qXJEyX66FcONTH8EIlVuK0yyFA==}
    dev: false

  /cookie@0.7.2:
    resolution: {integrity: sha512-yki5XnKuf750l50uGTllt6kKILY4nQ1eNIQatoXEByZ5dWgnKqbnqmTrBE5B4N7lrMJKQ2ytWMiTO2o0v6Ew/w==}
    engines: {node: '>= 0.6'}
    dev: false

  /csstype@3.2.3:
    resolution: {integrity: sha512-z1HGKcYy2xA8AGQfwrn0PAy+PB7X/GSj3UVJW9qKyn43xWa+gl5nXmU4qqLMRzWVLFC8KusUX8T/0kCiOYpAIQ==}

  /debug@2.6.9:
    resolution: {integrity: sha512-bC7ElrdJaJnPbAP+1EotYvqZsb3ecl5wi6Bfi6BJTUcNowp6cvspg0jXznRTKDjm/E7AdgFBVeAPVMNcKGsHMA==}
    peerDependencies:
      supports-color: '*'
    peerDependenciesMeta:
      supports-color:
        optional: true
    dependencies:
      ms: 2.0.0
    dev: false

  /depd@2.0.0:
    resolution: {integrity: sha512-g7nH6P6dyDioJogAAGprGpCtVImJhpPk/roCzdb3fIh61/s/nPsfR6onyMwkCAR/OlC3yBC0lESvUoQEAssIrw==}
    engines: {node: '>= 0.8'}
    dev: false

  /destroy@1.2.0:
    resolution: {integrity: sha512-2sJGJTaXIIaR1w4iJSNoN0hnMY7Gpc/n8D4qSCJw8QqFWXf7cuAgnEHxBpweaVcPevC2l3KpjYCx3NypQQgaJg==}
    engines: {node: '>= 0.8', npm: 1.2.8000 || >= 1.4.16}
    dev: false

  /dunder-proto@1.0.1:
    resolution: {integrity: sha512-KIN/nDJBQRcXw0MLVhZE9iQHmG68qAVIBg9CqmUYjmQIhgij9U5MFvrqkUL5FbtyyzZuOeOt0zdeRe4UY7ct+A==}
    engines: {node: '>= 0.4'}
    dependencies:
      call-bind-apply-helpers: 1.0.2
      es-errors: 1.3.0
      gopd: 1.2.0
    dev: false

  /ee-first@1.1.1:
    resolution: {integrity: sha512-WMwm9LhRUo+WUaRN+vRuETqG89IgZphVSNkdFgeb6sS/E4OrDIN7t48CAewSHXc6C8lefD8KKfr5vY61brQlow==}
    dev: false

  /emoji-regex@10.6.0:
    resolution: {integrity: sha512-toUI84YS5YmxW219erniWD0CIVOo46xGKColeNQRgOzDorgBi1v4D71/OFzgD9GO2UGKIv1C3Sp8DAn0+j5w7A==}
    dev: false

  /encodeurl@2.0.0:
    resolution: {integrity: sha512-Q0n9HRi4m6JuGIV1eFlmvJB7ZEVxu93IrMyiMsGC0lrMJMWzRgx6WGquyfQgZVb31vhGgXnfmPNNXmxnOkRBrg==}
    engines: {node: '>= 0.8'}
    dev: false

  /entities@7.0.1:
    resolution: {integrity: sha512-TWrgLOFUQTH994YUyl1yT4uyavY5nNB5muff+RtWaqNVCAK408b5ZnnbNAUEWLTCpum9w6arT70i1XdQ4UeOPA==}
    engines: {node: '>=0.12'}
    dev: false

  /environment@1.1.0:
    resolution: {integrity: sha512-xUtoPkMggbz0MPyPiIWr1Kp4aeWJjDZ6SMvURhimjdZgsRuDplF5/s9hcgGhyXMhs+6vpnuoiZ2kFiu3FMnS8Q==}
    engines: {node: '>=18'}
    dev: false

  /es-define-property@1.0.1:
    resolution: {integrity: sha512-e3nRfgfUZ4rNGL232gUgX06QNyyez04KdjFrF+LTRoOXmrOgFKDg4BCdsjW8EnT69eqdYGmRpJwiPVYNrCaW3g==}
    engines: {node: '>= 0.4'}
    dev: false

  /es-errors@1.3.0:
    resolution: {integrity: sha512-Zf5H2Kxt2xjTvbJvP2ZWLEICxA6j+hAmMzIlypy4xcBg1vKVnx89Wy0GbS+kf5cwCVFFzdCFh2XSCFNULS6csw==}
    engines: {node: '>= 0.4'}
    dev: false

  /es-object-atoms@1.1.2:
    resolution: {integrity: sha512-HWcBoN6NileqtSydK2FqHbS/LoDd2pqrnQHLyJzBj4kOp/ky2MWMN694xOfkK8/SnUsW2DH7EfyVlydKCsm1Zw==}
    engines: {node: '>= 0.4'}
    dependencies:
      es-errors: 1.3.0
    dev: false

  /es-toolkit@1.49.0:
    resolution: {integrity: sha512-G5iZ6Pc/FNRY/soKZHC+TxGDD83rHUDXxzaWhGCX44vAv/tMs56WMusnm/KMNK+luUPsgA9U28cGr4RDlSzL2g==}
    dev: false

  /escape-html@1.0.3:
    resolution: {integrity: sha512-NiSupZ4OeuGwr68lGIeym/ksIZMJodUGOSCZ/FSnTxcrekbvqrgdUxlJOMpijaKZVjAJrWrGs/6Jy8OMuyj9ow==}
    dev: false

  /escape-string-regexp@2.0.0:
    resolution: {integrity: sha512-UpzcLCXolUWcNu5HtVMHYdXJjArjsF9C0aNnquZYY4uW/Vu0miy5YoWvbV345HauVvcAUnpRuhMMcqTcGOY2+w==}
    engines: {node: '>=8'}
    dev: false

  /estree-walker@2.0.2:
    resolution: {integrity: sha512-Rfkk/Mp/DL7JVje3u18FxFujQlTNR2q6QfMSMB7AvCBx91NGj/ba3kCfza0f6dVDbw7YlRf/nDrn7pQrCCyQ/w==}
    dev: false

  /etag@1.8.1:
    resolution: {integrity: sha512-aIL5Fx7mawVa300al2BnEE4iNvo1qETxLrPI/o05L7z6go7fCw1J6EQmbK4FmJ2AS7kgVF/KEZWufBfdClMcPg==}
    engines: {node: '>= 0.6'}
    dev: false

  /express@4.22.2:
    resolution: {integrity: sha512-IuL+Elrou2ZvCFHs18/CIzy2Nzvo25nZ1/D2eIZlz7c+QUayAcYoiM2BthCjs+EBHVpjYjcuLDAiCWgeIX3X1Q==}
    engines: {node: '>= 0.10.0'}
    dependencies:
      accepts: 1.3.8
      array-flatten: 1.1.1
      body-parser: 1.20.5
      content-disposition: 0.5.4
      content-type: 1.0.5
      cookie: 0.7.2
      cookie-signature: 1.0.7
      debug: 2.6.9
      depd: 2.0.0
      encodeurl: 2.0.0
      escape-html: 1.0.3
      etag: 1.8.1
      finalhandler: 1.3.2
      fresh: 0.5.2
      http-errors: 2.0.1
      merge-descriptors: 1.0.3
      methods: 1.1.2
      on-finished: 2.4.1
      parseurl: 1.3.3
      path-to-regexp: 0.1.13
      proxy-addr: 2.0.7
      qs: 6.15.3
      range-parser: 1.2.1
      safe-buffer: 5.2.1
      send: 0.19.2
      serve-static: 1.16.3
      setprototypeof: 1.2.0
      statuses: 2.0.2
      type-is: 1.6.18
      utils-merge: 1.0.1
      vary: 1.1.2
    transitivePeerDependencies:
      - supports-color
    dev: false

  /figures@6.1.0:
    resolution: {integrity: sha512-d+l3qxjSesT4V7v2fh+QnmFnUWv9lSpjarhShNTgBOfA0ttejbQUAlHLitbjkoRiDulW0OPoQPYIGhIC8ohejg==}
    engines: {node: '>=18'}
    dependencies:
      is-unicode-supported: 2.1.0
    dev: false

  /fill-range@7.1.1:
    resolution: {integrity: sha512-YsGpe3WHLK8ZYi4tWDg2Jy3ebRz2rXowDxnld4bkQB00cc/1Zw9AWnC0i9ztDJitivtQvaI9KaLyKrc+hBW0yg==}
    engines: {node: '>=8'}
    dependencies:
      to-regex-range: 5.0.1

  /finalhandler@1.3.2:
    resolution: {integrity: sha512-aA4RyPcd3badbdABGDuTXCMTtOneUCAYH/gxoYRTZlIJdF0YPWuGqiAsIrhNnnqdXGswYk6dGujem4w80UJFhg==}
    engines: {node: '>= 0.8'}
    dependencies:
      debug: 2.6.9
      encodeurl: 2.0.0
      escape-html: 1.0.3
      on-finished: 2.4.1
      parseurl: 1.3.3
      statuses: 2.0.2
      unpipe: 1.0.0
    transitivePeerDependencies:
      - supports-color
    dev: false

  /forwarded@0.2.0:
    resolution: {integrity: sha512-buRG0fpBtRHSTCOASe6hD258tEubFoRLb4ZNA6NxMVHNw2gOcwHo9wyablzMzOA5z9xA9L1KNjk/Nt6MT9aYow==}
    engines: {node: '>= 0.6'}
    dev: false

  /fresh@0.5.2:
    resolution: {integrity: sha512-zJ2mQYM18rEFOudeV4GShTGIQ7RbzA7ozbU9I/XBpm7kqgMywgmylMwXHxZJmkVoYkna9d2pVXVXPdYTP9ej8Q==}
    engines: {node: '>= 0.6'}
    dev: false

  /fsevents@2.3.3:
    resolution: {integrity: sha512-5xoDfX+fL7faATnagmWPpbFtwh/R77WmMMqqHGS65C3vvB0YHrgF+B1YmZ3441tMj5n63k0212XNoJwzlhffQw==}
    engines: {node: ^8.16.0 || ^10.6.0 || >=11.0.0}
    os: [darwin]
    requiresBuild: true
    optional: true

  /function-bind@1.1.2:
    resolution: {integrity: sha512-7XHNxH7qX9xG5mIwxkhumTox/MIRNcOgDrxWsMt2pAr23WHp6MrRlN7FBSFpCpr+oVO0F744iUgR82nJMfG2SA==}
    dev: false

  /get-east-asian-width@1.6.0:
    resolution: {integrity: sha512-QRbvDIbx6YklUe6RxeTeleMR0yv3cYH6PsPZHcnVn7xv7zO1BHN8r0XETu8n6Ye3Q+ahtSarc3WgtNWmehIBfA==}
    engines: {node: '>=18'}
    dev: false

  /get-intrinsic@1.3.0:
    resolution: {integrity: sha512-9fSjSaos/fRIVIp+xSJlE6lfwhES7LNtKaCBIamHsjr2na1BiABJPo0mOjjz8GJDURarmCPGqaiVg5mfjb98CQ==}
    engines: {node: '>= 0.4'}
    dependencies:
      call-bind-apply-helpers: 1.0.2
      es-define-property: 1.0.1
      es-errors: 1.3.0
      es-object-atoms: 1.1.2
      function-bind: 1.1.2
      get-proto: 1.0.1
      gopd: 1.2.0
      has-symbols: 1.1.0
      hasown: 2.0.4
      math-intrinsics: 1.1.0
    dev: false

  /get-proto@1.0.1:
    resolution: {integrity: sha512-sTSfBjoXBp89JvIKIefqw7U2CCebsc74kiY6awiGogKtoSGbgjYE/G/+l9sF3MWFPNc9IcoOC4ODfKHfxFmp0g==}
    engines: {node: '>= 0.4'}
    dependencies:
      dunder-proto: 1.0.1
      es-object-atoms: 1.1.2
    dev: false

  /glob-parent@5.1.2:
    resolution: {integrity: sha512-AOIgSQCepiJYwP3ARnGx+5VnTu2HBYdzbGP45eLw1vr3zB3vZLeyed1sC9hnbcOc9/SrMyM5RPQrkGz4aS9Zow==}
    engines: {node: '>= 6'}
    dependencies:
      is-glob: 4.0.3

  /gopd@1.2.0:
    resolution: {integrity: sha512-ZUKRh6/kUFoAiTAtTYPZJ3hw9wNxx+BIBOijnlG9PnrJsCcSjs1wyyD6vJpaYtgnzDrKYRSqf3OO6Rfa93xsRg==}
    engines: {node: '>= 0.4'}
    dev: false

  /has-symbols@1.1.0:
    resolution: {integrity: sha512-1cDNdwJ2Jaohmb3sg4OmKaMBwuC48sYni5HUw2DvsC8LjGTLK9h+eb1X6RyuOHe4hT0ULCW68iomhjUoKUqlPQ==}
    engines: {node: '>= 0.4'}
    dev: false

  /hasown@2.0.4:
    resolution: {integrity: sha512-T2UbfbBEF32wiepXIsMlTW9+dDYC6wMh/t/vYA4tuOMKqWz/n3vr1NFSxQiyP+zk2mXsoMA/i/7qV6LKut1t1A==}
    engines: {node: '>= 0.4'}
    dependencies:
      function-bind: 1.1.2
    dev: false

  /http-errors@2.0.1:
    resolution: {integrity: sha512-4FbRdAX+bSdmo4AUFuS0WNiPz8NgFt+r8ThgNWmlrjQjt1Q7ZR9+zTlce2859x4KSXrwIsaeTqDoKQmtP8pLmQ==}
    engines: {node: '>= 0.8'}
    dependencies:
      depd: 2.0.0
      inherits: 2.0.4
      setprototypeof: 1.2.0
      statuses: 2.0.2
      toidentifier: 1.0.1
    dev: false

  /iconv-lite@0.4.24:
    resolution: {integrity: sha512-v3MXnZAcvnywkTUEZomIActle7RXXeedOR31wwl7VlyoXO4Qi9arvSenNQWne1TcRwhCL1HwLI21bEqdpj8/rA==}
    engines: {node: '>=0.10.0'}
    dependencies:
      safer-buffer: 2.1.2
    dev: false

  /indent-string@5.0.0:
    resolution: {integrity: sha512-m6FAo/spmsW2Ab2fU35JTYwtOKa2yAwXSwgjSv1TJzh4Mh7mC3lzAOVLBprb72XsTrgkEIsl7YrFNAiDiRhIGg==}
    engines: {node: '>=12'}
    dev: false

  /inherits@2.0.4:
    resolution: {integrity: sha512-k/vGaX4/Yla3WzyMCvTQOXYeIHvqOKtnqBduzTHpzpQZzAskKMhZ2K+EnBiSM9zGSoIFeMpXKxa4dYeZIQqewQ==}
    dev: false

  /ink-select-input@6.2.0(ink@5.2.1)(react@18.3.1):
    resolution: {integrity: sha512-304fZXxkpYxJ9si5lxRCaX01GNlmPBgOZumXXRnPYbHW/iI31cgQynqk2tRypGLOF1cMIwPUzL2LSm6q4I5rQQ==}
    engines: {node: '>=18'}
    peerDependencies:
      ink: '>=5.0.0'
      react: '>=18.0.0'
    dependencies:
      figures: 6.1.0
      ink: 5.2.1(@types/react@18.3.31)(react@18.3.1)
      react: 18.3.1
      to-rotated: 1.0.0
    dev: false

  /ink-spinner@5.0.0(ink@5.2.1)(react@18.3.1):
    resolution: {integrity: sha512-EYEasbEjkqLGyPOUc8hBJZNuC5GvXGMLu0w5gdTNskPc7Izc5vO3tdQEYnzvshucyGCBXc86ig0ujXPMWaQCdA==}
    engines: {node: '>=14.16'}
    peerDependencies:
      ink: '>=4.0.0'
      react: '>=18.0.0'
    dependencies:
      cli-spinners: 2.9.2
      ink: 5.2.1(@types/react@18.3.31)(react@18.3.1)
      react: 18.3.1
    dev: false

  /ink-text-input@6.0.0(ink@5.2.1)(react@18.3.1):
    resolution: {integrity: sha512-Fw64n7Yha5deb1rHY137zHTAbSTNelUKuB5Kkk2HACXEtwIHBCf9OH2tP/LQ9fRYTl1F0dZgbW0zPnZk6FA9Lw==}
    engines: {node: '>=18'}
    peerDependencies:
      ink: '>=5'
      react: '>=18'
    dependencies:
      chalk: 5.6.2
      ink: 5.2.1(@types/react@18.3.31)(react@18.3.1)
      react: 18.3.1
      type-fest: 4.41.0
    dev: false

  /ink@5.2.1(@types/react@18.3.31)(react@18.3.1):
    resolution: {integrity: sha512-BqcUyWrG9zq5HIwW6JcfFHsIYebJkWWb4fczNah1goUO0vv5vneIlfwuS85twyJ5hYR/y18FlAYUxrO9ChIWVg==}
    engines: {node: '>=18'}
    peerDependencies:
      '@types/react': '>=18.0.0'
      react: '>=18.0.0'
      react-devtools-core: ^4.19.1
    peerDependenciesMeta:
      '@types/react':
        optional: true
      react-devtools-core:
        optional: true
    dependencies:
      '@alcalzone/ansi-tokenize': 0.1.3
      '@types/react': 18.3.31
      ansi-escapes: 7.3.0
      ansi-styles: 6.2.3
      auto-bind: 5.0.1
      chalk: 5.6.2
      cli-boxes: 3.0.0
      cli-cursor: 4.0.0
      cli-truncate: 4.0.0
      code-excerpt: 4.0.0
      es-toolkit: 1.49.0
      indent-string: 5.0.0
      is-in-ci: 1.0.0
      patch-console: 2.0.0
      react: 18.3.1
      react-reconciler: 0.29.2(react@18.3.1)
      scheduler: 0.23.2
      signal-exit: 3.0.7
      slice-ansi: 7.1.2
      stack-utils: 2.0.6
      string-width: 7.2.0
      type-fest: 4.41.0
      widest-line: 5.0.0
      wrap-ansi: 9.0.2
      ws: 8.21.0
      yoga-layout: 3.2.1
    transitivePeerDependencies:
      - bufferutil
      - utf-8-validate
    dev: false

  /ipaddr.js@1.9.1:
    resolution: {integrity: sha512-0KI/607xoxSToH7GjN1FfSbLoU0+btTicjsQSWQlh/hZykN8KpmMf7uYwPW3R+akZ6R/w18ZlXSHBYXiYUPO3g==}
    engines: {node: '>= 0.10'}
    dev: false

  /is-binary-path@2.1.0:
    resolution: {integrity: sha512-ZMERYes6pDydyuGidse7OsHxtbI7WVeUEozgR/g7rd0xUimYNlvZRE/K2MgZTjWy725IfelLeVcEM97mmtRGXw==}
    engines: {node: '>=8'}
    dependencies:
      binary-extensions: 2.3.0

  /is-extglob@2.1.1:
    resolution: {integrity: sha512-SbKbANkN603Vi4jEZv49LeVJMn4yGwsbzZworEoyEiutsN3nJYdbO36zfhGJ6QEDpOZIFkDtnq5JRxmvl3jsoQ==}
    engines: {node: '>=0.10.0'}

  /is-fullwidth-code-point@4.0.0:
    resolution: {integrity: sha512-O4L094N2/dZ7xqVdrXhh9r1KODPJpFms8B5sGdJLPy664AgvXsreZUyCQQNItZRDlYug4xStLjNp/sz3HvBowQ==}
    engines: {node: '>=12'}
    dev: false

  /is-fullwidth-code-point@5.1.0:
    resolution: {integrity: sha512-5XHYaSyiqADb4RnZ1Bdad6cPp8Toise4TzEjcOYDHZkTCbKgiUl7WTUCpNWHuxmDt91wnsZBc9xinNzopv3JMQ==}
    engines: {node: '>=18'}
    dependencies:
      get-east-asian-width: 1.6.0
    dev: false

  /is-glob@4.0.3:
    resolution: {integrity: sha512-xelSayHH36ZgE7ZWhli7pW34hNbNl8Ojv5KVmkJD4hBdD3th8Tfk9vYasLM+mXWOZhFkgZfxhLSnrwRr4elSSg==}
    engines: {node: '>=0.10.0'}
    dependencies:
      is-extglob: 2.1.1

  /is-in-ci@1.0.0:
    resolution: {integrity: sha512-eUuAjybVTHMYWm/U+vBO1sY/JOCgoPCXRxzdju0K+K0BiGW0SChEL1MLC0PoCIR1OlPo5YAp8HuQoUlsWEICwg==}
    engines: {node: '>=18'}
    hasBin: true
    dev: false

  /is-number@7.0.0:
    resolution: {integrity: sha512-41Cifkg6e8TylSpdtTpeLVMqvSBEVzTttHvERD741+pnZ8ANv0004MRL43QKPDlK9cGvNp6NZWZUBlbGXYxxng==}
    engines: {node: '>=0.12.0'}

  /is-unicode-supported@2.1.0:
    resolution: {integrity: sha512-mE00Gnza5EEB3Ds0HfMyllZzbBrmLOX3vfWoj9A9PEnTfratQ/BcaJOuMhnkhjXvb2+FkY3VuHqtAGpTPmglFQ==}
    engines: {node: '>=18'}
    dev: false

  /js-tokens@4.0.0:
    resolution: {integrity: sha512-RdJUflcE3cUzKiMqQgsCu06FPu9UdIJO0beYbPhHN4k6apgJtifcoCtT9bcxOpYBtpD2kCM6Sbzg4CausW/PKQ==}
    dev: false

  /loose-envify@1.4.0:
    resolution: {integrity: sha512-lyuxPGr/Wfhrlem2CL/UcnUc1zcqKAImBDzukY7Y5F/yQiNdko6+fRLevlw1HgMySw7f611UIY408EtxRSoK3Q==}
    hasBin: true
    dependencies:
      js-tokens: 4.0.0
    dev: false

  /magic-string@0.30.21:
    resolution: {integrity: sha512-vd2F4YUyEXKGcLHoq+TEyCjxueSeHnFxyyjNp80yg0XV4vUhnDer/lvvlqM/arB5bXQN5K2/3oinyCRyx8T2CQ==}
    dependencies:
      '@jridgewell/sourcemap-codec': 1.5.5
    dev: false

  /math-intrinsics@1.1.0:
    resolution: {integrity: sha512-/IXtbwEk5HTPyEwyKX6hGkYXxM9nbj64B+ilVJnC/R6B0pH5G4V3b0pVbL7DBj4tkhBAppbQUlf6F6Xl9LHu1g==}
    engines: {node: '>= 0.4'}
    dev: false

  /media-typer@0.3.0:
    resolution: {integrity: sha512-dq+qelQ9akHpcOl/gUVRTxVIOkAJ1wR3QAvb4RsVjS8oVoFjDGTc679wJYmUmknUF5HwMLOgb5O+a3KxfWapPQ==}
    engines: {node: '>= 0.6'}
    dev: false

  /merge-descriptors@1.0.3:
    resolution: {integrity: sha512-gaNvAS7TZ897/rVaZ0nMtAyxNyi/pdbjbAwUpFQpN70GqnVfOiXpeUUMKRBmzXaSQ8DdTX4/0ms62r2K+hE6mQ==}
    dev: false

  /methods@1.1.2:
    resolution: {integrity: sha512-iclAHeNqNm68zFtnZ0e+1L2yUIdvzNoauKU4WBA3VvH/vPFieF7qfRlwUZU+DA9P9bPXIS90ulxoUoCH23sV2w==}
    engines: {node: '>= 0.6'}
    dev: false

  /mime-db@1.52.0:
    resolution: {integrity: sha512-sPU4uV7dYlvtWJxwwxHD0PuihVNiE7TyAbQ5SWxDCB9mUYvOgroQOwYQQOKPJ8CIbE+1ETVlOoK1UC2nU3gYvg==}
    engines: {node: '>= 0.6'}
    dev: false

  /mime-types@2.1.35:
    resolution: {integrity: sha512-ZDY+bPm5zTTF+YpCrAU9nK0UgICYPT0QtT1NZWFv4s++TNkcgVaT0g6+4R2uI4MjQjzysHB1zxuWL50hzaeXiw==}
    engines: {node: '>= 0.6'}
    dependencies:
      mime-db: 1.52.0
    dev: false

  /mime@1.6.0:
    resolution: {integrity: sha512-x0Vn8spI+wuJ1O6S7gnbaQg8Pxh4NNHb7KSINmEWKiPE4RKOplvijn+NkmYmmRgP68mc70j2EbeTFRsrswaQeg==}
    engines: {node: '>=4'}
    hasBin: true
    dev: false

  /mimic-fn@2.1.0:
    resolution: {integrity: sha512-OqbOk5oEQeAZ8WXWydlu9HJjz9WVdEIvamMCcXmuqUYjTknH/sqsWvhQ3vgwKFRR1HpjvNBKQ37nbJgYzGqGcg==}
    engines: {node: '>=6'}
    dev: false

  /ms@2.0.0:
    resolution: {integrity: sha512-Tpp60P6IUJDTuOq/5Z8cdskzJujfwqfOTkrwIwj7IRISpnkJnT6SyJ4PCPnGMoFjC9ddhal5KVIYtAt97ix05A==}
    dev: false

  /ms@2.1.3:
    resolution: {integrity: sha512-6FlzubTLZG3J2a/NVCAleEhjzq5oxgHyaCU9yYXvcLsvoVaHJq/s5xXI6/XXP6tz7R9xAOtHnSO/tXtF3WRTlA==}
    dev: false

  /nanoid@3.3.15:
    resolution: {integrity: sha512-y7Wygv/7mEOvxTuEQDB8StXdMRBWf1kR/tlhAzBRUFkB2jfcLOAxO/SHmOO2zgz1pVgK29/kyupn059/bCHdjA==}
    engines: {node: ^10 || ^12 || ^13.7 || ^14 || >=15.0.1}
    hasBin: true
    dev: false

  /negotiator@0.6.3:
    resolution: {integrity: sha512-+EUsqGPLsM+j/zdChZjsnX51g4XrHFOIXwfnCVPGlQk/k5giakcKsuxCObBRu6DSm9opw/O6slWbJdghQM4bBg==}
    engines: {node: '>= 0.6'}
    dev: false

  /normalize-path@3.0.0:
    resolution: {integrity: sha512-6eZs5Ls3WtCisHWp9S2GUy8dqkpGi4BVSz3GaqiE6ezub0512ESztXUwUB6C6IKbQkY2Pnb/mD4WYojCRwcwLA==}
    engines: {node: '>=0.10.0'}

  /object-inspect@1.13.4:
    resolution: {integrity: sha512-W67iLl4J2EXEGTbfeHCffrjDfitvLANg0UlX3wFUUSTx92KXRFegMHUVgSqE+wvhAbi4WqjGg9czysTV2Epbew==}
    engines: {node: '>= 0.4'}
    dev: false

  /on-finished@2.4.1:
    resolution: {integrity: sha512-oVlzkg3ENAhCk2zdv7IJwd/QUD4z2RxRwpkcGY8psCVcCYZNq4wYnVWALHM+brtuJjePWiYF/ClmuDr8Ch5+kg==}
    engines: {node: '>= 0.8'}
    dependencies:
      ee-first: 1.1.1
    dev: false

  /onetime@5.1.2:
    resolution: {integrity: sha512-kbpaSSGJTWdAY5KPVeMOKXSrPtr8C8C7wodJbcsd51jRnmD+GZu8Y0VoU6Dm5Z4vWr0Ig/1NKuWRKf7j5aaYSg==}
    engines: {node: '>=6'}
    dependencies:
      mimic-fn: 2.1.0
    dev: false

  /parseurl@1.3.3:
    resolution: {integrity: sha512-CiyeOxFT/JZyN5m0z9PfXw4SCBJ6Sygz1Dpl0wqjlhDEGGBP1GnsUVEL0p63hoG1fcj3fHynXi9NYO4nWOL+qQ==}
    engines: {node: '>= 0.8'}
    dev: false

  /patch-console@2.0.0:
    resolution: {integrity: sha512-0YNdUceMdaQwoKce1gatDScmMo5pu/tfABfnzEqeG0gtTmd7mh/WcwgUjtAeOU7N8nFFlbQBnFK2gXW5fGvmMA==}
    engines: {node: ^12.20.0 || ^14.13.1 || >=16.0.0}
    dev: false

  /path-to-regexp@0.1.13:
    resolution: {integrity: sha512-A/AGNMFN3c8bOlvV9RreMdrv7jsmF9XIfDeCd87+I8RNg6s78BhJxMu69NEMHBSJFxKidViTEdruRwEk/WIKqA==}
    dev: false

  /picocolors@1.1.1:
    resolution: {integrity: sha512-xceH2snhtb5M9liqDsmEw56le376mTZkEX/jEb/RxNFyegNul7eNslCXP9FDj/Lcu0X8KEyMceP2ntpaHrDEVA==}
    dev: false

  /picomatch@2.3.2:
    resolution: {integrity: sha512-V7+vQEJ06Z+c5tSye8S+nHUfI51xoXIXjHQ99cQtKUkQqqO1kO/KCJUfZXuB47h/YBlDhah2H3hdUGXn8ie0oA==}
    engines: {node: '>=8.6'}

  /postcss@8.5.16:
    resolution: {integrity: sha512-vuwillviilfKZsg0VGj5R/YwwcHx4SLsIOI/7K6mQkWx+l5cUHTjj5g0AasTBcyXsbfTgrwsUNmVUb5xVwyPwg==}
    engines: {node: ^10 || ^12 || >=14}
    dependencies:
      nanoid: 3.3.15
      picocolors: 1.1.1
      source-map-js: 1.2.1
    dev: false

  /prettier@3.9.4:
    resolution: {integrity: sha512-yWG/o/4oJfo036EKAfK6ACAoDOfHeRHx4tuxkfBZiauURiaSmYwlpOr5LQqKtIkRD2z1PLteme2WoxEnj4tHTg==}
    engines: {node: '>=14'}
    hasBin: true
    dev: true

  /proxy-addr@2.0.7:
    resolution: {integrity: sha512-llQsMLSUDUPT44jdrU/O37qlnifitDP+ZwrmmZcoSKyLKvtZxpyV0n2/bD/N4tBAAZ/gJEdZU7KMraoK1+XYAg==}
    engines: {node: '>= 0.10'}
    dependencies:
      forwarded: 0.2.0
      ipaddr.js: 1.9.1
    dev: false

  /qs@6.15.3:
    resolution: {integrity: sha512-O9gl3zCl5h5blw1KGUzQKhA5oUXSl8rwUIM5o0S3nCXMliSvy5Dzx7/DJcI+SwgICv+IneSZwhBh1oSyEHA71A==}
    engines: {node: '>=0.6'}
    dependencies:
      es-define-property: 1.0.1
      side-channel: 1.1.1
    dev: false

  /range-parser@1.2.1:
    resolution: {integrity: sha512-Hrgsx+orqoygnmhFbKaHE6c296J+HTAQXoxEF6gNupROmmGJRoyzfG3ccAveqCBrwr/2yxQ5BVd/GTl5agOwSg==}
    engines: {node: '>= 0.6'}
    dev: false

  /raw-body@2.5.3:
    resolution: {integrity: sha512-s4VSOf6yN0rvbRZGxs8Om5CWj6seneMwK3oDb4lWDH0UPhWcxwOWw5+qk24bxq87szX1ydrwylIOp2uG1ojUpA==}
    engines: {node: '>= 0.8'}
    dependencies:
      bytes: 3.1.2
      http-errors: 2.0.1
      iconv-lite: 0.4.24
      unpipe: 1.0.0
    dev: false

  /react-reconciler@0.29.2(react@18.3.1):
    resolution: {integrity: sha512-zZQqIiYgDCTP/f1N/mAR10nJGrPD2ZR+jDSEsKWJHYC7Cm2wodlwbR3upZRdC3cjIjSlTLNVyO7Iu0Yy7t2AYg==}
    engines: {node: '>=0.10.0'}
    peerDependencies:
      react: ^18.3.1
    dependencies:
      loose-envify: 1.4.0
      react: 18.3.1
      scheduler: 0.23.2
    dev: false

  /react@18.3.1:
    resolution: {integrity: sha512-wS+hAgJShR0KhEvPJArfuPVN1+Hz1t0Y6n5jLrGQbkb4urgPE/0Rve+1kMB1v/oWgHgm4WIcV+i7F2pTVj+2iQ==}
    engines: {node: '>=0.10.0'}
    dependencies:
      loose-envify: 1.4.0
    dev: false

  /readdirp@3.6.0:
    resolution: {integrity: sha512-hOS089on8RduqdbhvQ5Z37A0ESjsqz6qnRcffsMU3495FuTdqSm+7bhJ29JvIOsBDEEnan5DPu9t3To9VRlMzA==}
    engines: {node: '>=8.10.0'}
    dependencies:
      picomatch: 2.3.2

  /restore-cursor@4.0.0:
    resolution: {integrity: sha512-I9fPXU9geO9bHOt9pHHOhOkYerIMsmVaWB0rA2AI9ERh/+x/i7MV5HKBNrg+ljO5eoPVgCcnFuRjJ9uH6I/3eg==}
    engines: {node: ^12.20.0 || ^14.13.1 || >=16.0.0}
    dependencies:
      onetime: 5.1.2
      signal-exit: 3.0.7
    dev: false

  /safe-buffer@5.2.1:
    resolution: {integrity: sha512-rp3So07KcdmmKbGvgaNxQSJr7bGVSVk5S9Eq1F+ppbRo70+YeaDxkw5Dd8NPN+GD6bjnYm2VuPuCXmpuYvmCXQ==}
    dev: false

  /safer-buffer@2.1.2:
    resolution: {integrity: sha512-YZo3K82SD7Riyi0E1EQPojLz7kpepnSQI9IyPbHHg1XXXevb5dJI7tpyN2ADxGcQbHG7vcyRHk0cbwqcQriUtg==}
    dev: false

  /scheduler@0.23.2:
    resolution: {integrity: sha512-UOShsPwz7NrMUqhR6t0hWjFduvOzbtv7toDH1/hIrfRNIDBnnBWd0CwJTGvTpngVlmwGCdP9/Zl/tVrDqcuYzQ==}
    dependencies:
      loose-envify: 1.4.0
    dev: false

  /send@0.19.2:
    resolution: {integrity: sha512-VMbMxbDeehAxpOtWJXlcUS5E8iXh6QmN+BkRX1GARS3wRaXEEgzCcB10gTQazO42tpNIya8xIyNx8fll1OFPrg==}
    engines: {node: '>= 0.8.0'}
    dependencies:
      debug: 2.6.9
      depd: 2.0.0
      destroy: 1.2.0
      encodeurl: 2.0.0
      escape-html: 1.0.3
      etag: 1.8.1
      fresh: 0.5.2
      http-errors: 2.0.1
      mime: 1.6.0
      ms: 2.1.3
      on-finished: 2.4.1
      range-parser: 1.2.1
      statuses: 2.0.2
    transitivePeerDependencies:
      - supports-color
    dev: false

  /serve-static@1.16.3:
    resolution: {integrity: sha512-x0RTqQel6g5SY7Lg6ZreMmsOzncHFU7nhnRWkKgWuMTu5NN0DR5oruckMqRvacAN9d5w6ARnRBXl9xhDCgfMeA==}
    engines: {node: '>= 0.8.0'}
    dependencies:
      encodeurl: 2.0.0
      escape-html: 1.0.3
      parseurl: 1.3.3
      send: 0.19.2
    transitivePeerDependencies:
      - supports-color
    dev: false

  /setprototypeof@1.2.0:
    resolution: {integrity: sha512-E5LDX7Wrp85Kil5bhZv46j8jOeboKq5JMmYM3gVGdGH8xFpPWXUMsNrlODCrkoxMEeNi/XZIwuRvY4XNwYMJpw==}
    dev: false

  /side-channel-list@1.0.1:
    resolution: {integrity: sha512-mjn/0bi/oUURjc5Xl7IaWi/OJJJumuoJFQJfDDyO46+hBWsfaVM65TBHq2eoZBhzl9EchxOijpkbRC8SVBQU0w==}
    engines: {node: '>= 0.4'}
    dependencies:
      es-errors: 1.3.0
      object-inspect: 1.13.4
    dev: false

  /side-channel-map@1.0.1:
    resolution: {integrity: sha512-VCjCNfgMsby3tTdo02nbjtM/ewra6jPHmpThenkTYh8pG9ucZ/1P8So4u4FGBek/BjpOVsDCMoLA/iuBKIFXRA==}
    engines: {node: '>= 0.4'}
    dependencies:
      call-bound: 1.0.4
      es-errors: 1.3.0
      get-intrinsic: 1.3.0
      object-inspect: 1.13.4
    dev: false

  /side-channel-weakmap@1.0.2:
    resolution: {integrity: sha512-WPS/HvHQTYnHisLo9McqBHOJk2FkHO/tlpvldyrnem4aeQp4hai3gythswg6p01oSoTl58rcpiFAjF2br2Ak2A==}
    engines: {node: '>= 0.4'}
    dependencies:
      call-bound: 1.0.4
      es-errors: 1.3.0
      get-intrinsic: 1.3.0
      object-inspect: 1.13.4
      side-channel-map: 1.0.1
    dev: false

  /side-channel@1.1.1:
    resolution: {integrity: sha512-6x6dK6zJdpTzF4sQeNYxwtvBzf6Eg4GtlesS94HOvTudUeyK2WXAaIfmDgsyslYrRBeFIlsi54AYsFGUuhmvrQ==}
    engines: {node: '>= 0.4'}
    dependencies:
      es-errors: 1.3.0
      object-inspect: 1.13.4
      side-channel-list: 1.0.1
      side-channel-map: 1.0.1
      side-channel-weakmap: 1.0.2
    dev: false

  /signal-exit@3.0.7:
    resolution: {integrity: sha512-wnD2ZE+l+SPC/uoS0vXeE9L1+0wuaMqKlfz9AMUo38JsyLSBWSFcHR1Rri62LZc12vLr1gb3jl7iwQhgwpAbGQ==}
    dev: false

  /slice-ansi@5.0.0:
    resolution: {integrity: sha512-FC+lgizVPfie0kkhqUScwRu1O/lF6NOgJmlCgK+/LYxDCTk8sGelYaHDhFcDN+Sn3Cv+3VSa4Byeo+IMCzpMgQ==}
    engines: {node: '>=12'}
    dependencies:
      ansi-styles: 6.2.3
      is-fullwidth-code-point: 4.0.0
    dev: false

  /slice-ansi@7.1.2:
    resolution: {integrity: sha512-iOBWFgUX7caIZiuutICxVgX1SdxwAVFFKwt1EvMYYec/NWO5meOJ6K5uQxhrYBdQJne4KxiqZc+KptFOWFSI9w==}
    engines: {node: '>=18'}
    dependencies:
      ansi-styles: 6.2.3
      is-fullwidth-code-point: 5.1.0
    dev: false

  /source-map-js@1.2.1:
    resolution: {integrity: sha512-UXWMKhLOwVKb728IUtQPXxfYU+usdybtUrK/8uGE8CQMvrhOpwvzDBwj0QhSL7MQc7vIsISBG8VQ8+IDQxpfQA==}
    engines: {node: '>=0.10.0'}
    dev: false

  /stack-utils@2.0.6:
    resolution: {integrity: sha512-XlkWvfIm6RmsWtNJx+uqtKLS8eqFbxUg0ZzLXqY0caEy9l7hruX8IpiDnjsLavoBgqCCR71TqWO8MaXYheJ3RQ==}
    engines: {node: '>=10'}
    dependencies:
      escape-string-regexp: 2.0.0
    dev: false

  /statuses@2.0.2:
    resolution: {integrity: sha512-DvEy55V3DB7uknRo+4iOGT5fP1slR8wQohVdknigZPMpMstaKJQWhwiYBACJE3Ul2pTnATihhBYnRhZQHGBiRw==}
    engines: {node: '>= 0.8'}
    dev: false

  /string-width@7.2.0:
    resolution: {integrity: sha512-tsaTIkKW9b4N+AEj+SVA+WhJzV7/zMhcSu78mLKWSk7cXMOSHsBKFWUs0fWwq8QyK3MgJBQRX6Gbi4kYbdvGkQ==}
    engines: {node: '>=18'}
    dependencies:
      emoji-regex: 10.6.0
      get-east-asian-width: 1.6.0
      strip-ansi: 7.2.0
    dev: false

  /strip-ansi@7.2.0:
    resolution: {integrity: sha512-yDPMNjp4WyfYBkHnjIRLfca1i6KMyGCtsVgoKe/z1+6vukgaENdgGBZt+ZmKPc4gavvEZ5OgHfHdrazhgNyG7w==}
    engines: {node: '>=12'}
    dependencies:
      ansi-regex: 6.2.2
    dev: false

  /to-regex-range@5.0.1:
    resolution: {integrity: sha512-65P7iz6X5yEr1cwcgvQxbbIw7Uk3gOy5dIdtZ4rDveLqhrdJP+Li/Hx6tyK0NEb+2GCyneCMJiGqrADCSNk8sQ==}
    engines: {node: '>=8.0'}
    dependencies:
      is-number: 7.0.0

  /to-rotated@1.0.0:
    resolution: {integrity: sha512-KsEID8AfgUy+pxVRLsWp0VzCa69wxzUDZnzGbyIST/bcgcrMvTYoFBX/QORH4YApoD89EDuUovx4BTdpOn319Q==}
    engines: {node: '>=18'}
    dev: false

  /toidentifier@1.0.1:
    resolution: {integrity: sha512-o5sSPKEkg/DIQNmH43V0/uerLrpzVedkUh8tGNvaeXpfpuwjKenlSox/2O/BTlZUtEe+JG7s5YhEz608PlAHRA==}
    engines: {node: '>=0.6'}
    dev: false

  /turbo@2.10.1:
    resolution: {integrity: sha512-z9WGX2bAfElLOri8JY6pcwr+GfS18B5iGefLcvv3nwM9MoE/fPQQhpgZKTRlBciqGSDuLnfNyfP+eji8mEapQA==}
    hasBin: true
    optionalDependencies:
      '@turbo/darwin-64': 2.10.1
      '@turbo/darwin-arm64': 2.10.1
      '@turbo/linux-64': 2.10.1
      '@turbo/linux-arm64': 2.10.1
      '@turbo/windows-64': 2.10.1
      '@turbo/windows-arm64': 2.10.1
    dev: true

  /type-fest@4.41.0:
    resolution: {integrity: sha512-TeTSQ6H5YHvpqVwBRcnLDCBnDOHWYu7IvGbHT6N8AOymcr9PJGjc1GTtiWZTYg0NCgYwvnYWEkVChQAr9bjfwA==}
    engines: {node: '>=16'}
    dev: false

  /type-is@1.6.18:
    resolution: {integrity: sha512-TkRKr9sUTxEH8MdfuCSP7VizJyzRNMjj2J2do2Jr3Kym598JVdEksuzPQCnlFPW4ky9Q+iA+ma9BGm06XQBy8g==}
    engines: {node: '>= 0.6'}
    dependencies:
      media-typer: 0.3.0
      mime-types: 2.1.35
    dev: false

  /typescript@5.9.3:
    resolution: {integrity: sha512-jl1vZzPDinLr9eUt3J/t7V6FgNEw9QjvBPdysz9KfQDD41fQrC2Y4vKQdiaUpFT4bXlb1RHhLpp8wtm6M5TgSw==}
    engines: {node: '>=14.17'}
    hasBin: true
    dev: true

  /undici-types@6.21.0:
    resolution: {integrity: sha512-iwDZqg0QAGrg9Rav5H4n0M64c3mkR59cJ6wQp+7C4nI0gsmExaedaYLNO44eT4AtBBwjbTiGPMlt2Md0T9H9JQ==}
    dev: true

  /unpipe@1.0.0:
    resolution: {integrity: sha512-pjy2bYhSsufwWlKwPc+l3cN7+wuJlK6uz0YdJEOlQDbl6jo/YlPi4mb8agUkVC8BF7V8NuzeyPNqRksA3hztKQ==}
    engines: {node: '>= 0.8'}
    dev: false

  /utils-merge@1.0.1:
    resolution: {integrity: sha512-pMZTvIkT1d+TFGvDOqodOclx0QWkkgi6Tdoa8gC8ffGAAqz9pzPTZWAybbsHHoED/ztMtkv/VoYTYyShUn81hA==}
    engines: {node: '>= 0.4.0'}
    dev: false

  /vary@1.1.2:
    resolution: {integrity: sha512-BNGbWLfd0eUPabhkXUVm0j8uuvREyTh5ovRa/dyow/BqAbZJyC+5fU+IzQOzmAKzYqYRAISoRhdQr3eIZ/PXqg==}
    engines: {node: '>= 0.8'}
    dev: false

  /widest-line@5.0.0:
    resolution: {integrity: sha512-c9bZp7b5YtRj2wOe6dlj32MK+Bx/M/d+9VB2SHM1OtsUHR0aV0tdP6DWh/iMt0kWi1t5g1Iudu6hQRNd1A4PVA==}
    engines: {node: '>=18'}
    dependencies:
      string-width: 7.2.0
    dev: false

  /wrap-ansi@9.0.2:
    resolution: {integrity: sha512-42AtmgqjV+X1VpdOfyTGOYRi0/zsoLqtXQckTmqTeybT+BDIbM/Guxo7x3pE2vtpr1ok6xRqM9OpBe+Jyoqyww==}
    engines: {node: '>=18'}
    dependencies:
      ansi-styles: 6.2.3
      string-width: 7.2.0
      strip-ansi: 7.2.0
    dev: false

  /ws@8.21.0:
    resolution: {integrity: sha512-Vsp28b7DRcimFQvrqu2Wek3z1iYxDCWqHYB8Qsnk/S4RfaCQzPGPyBNuVjJV3cd6UiKtUtp6sNM77gWvzcCH+g==}
    engines: {node: '>=10.0.0'}
    peerDependencies:
      bufferutil: ^4.0.1
      utf-8-validate: '>=5.0.2'
    peerDependenciesMeta:
      bufferutil:
        optional: true
      utf-8-validate:
        optional: true
    dev: false

  /yoga-layout@3.2.1:
    resolution: {integrity: sha512-0LPOt3AxKqMdFBZA3HBAt/t/8vIKq7VaQYbuA8WxCgung+p9TVyKRYdpvCb80HcdTN2NkbIKbhNwKUfm3tQywQ==}
    dev: false
